
Microsoft Visual Studio Solution File, Format Version 12.00
# Visual Studio Version 17
VisualStudioVersion = 17.10.35122.118
MinimumVisualStudioVersion = 10.0.40219.1
Project("{FAE04EC0-301F-11D3-BF4B-00C04F79EFBC}") = "Directory", "Directory\Directory.csproj", "{99660BD0-F40D-481F-9647-C80D29578965}"
EndProject
Global
	GlobalSection(SolutionConfigurationPlatforms) = preSolution
		Debug|Any CPU = Debug|Any CPU
		Release|Any CPU = Release|Any CPU
	EndGlobalSection
	GlobalSection(ProjectConfigurationPlatforms) = postSolution
		{99660BD0-F40D-481F-9647-C80D29578965}.Debug|Any CPU.ActiveCfg = Debug|Any CPU
		{99660BD0-F40D-481F-9647-C80D29578965}.Debug|Any CPU.Build.0 = Debug|Any CPU
		{99660BD0-F40D-481F-9647-C80D29578965}.Release|Any CPU.ActiveCfg = Release|Any CPU
		{99660BD0-F40D-481F-9647-C80D29578965}.Release|Any CPU.Build.0 = Release|Any CPU
	EndGlobalSection
	GlobalSection(SolutionProperties) = preSolution
		HideSolutionNode = FALSE
	EndGlobalSection
	GlobalSection(ExtensibilityGlobals) = postSolution
		SolutionGuid = {E7D6981E-1B7D-476F-92CB-CEE185F36BA5}
	EndGlobalSection
EndGlobal
